
Microsoft Visual Studio Solution File, Format Version 12.00
# Visual Studio 14
VisualStudioVersion = 14.0.25420.1
MinimumVisualStudioVersion = 10.0.40219.1
Project("{FAE04EC0-301F-11D3-BF4B-00C04F79EFBC}") = "SocialLifeTracker", "SocialLifeTracker\SocialLifeTracker.csproj", "{71612E7C-10EE-4CDE-84E2-FDBD26082F64}"
EndProject
Project("{FAE04EC0-301F-11D3-BF4B-00C04F79EFBC}") = "SocialLifeTracker.Tests", "SocialLifeTracker.Tests\SocialLifeTracker.Tests.csproj", "{F25C9C41-E209-416E-83B4-0DF6D4914B93}"
EndProject
Global
	GlobalSection(SolutionConfigurationPlatforms) = preSolution
		Debug|Any CPU = Debug|Any CPU
		Release|Any CPU = Release|Any CPU
	EndGlobalSection
	GlobalSection(ProjectConfigurationPlatforms) = postSolution
		{71612E7C-10EE-4CDE-84E2-FDBD26082F64}.Debug|Any CPU.ActiveCfg = Debug|Any CPU
		{71612E7C-10EE-4CDE-84E2-FDBD26082F64}.Debug|Any CPU.Build.0 = Debug|Any CPU
		{71612E7C-10EE-4CDE-84E2-FDBD26082F64}.Release|Any CPU.ActiveCfg = Release|Any CPU
		{71612E7C-10EE-4CDE-84E2-FDBD26082F64}.Release|Any CPU.Build.0 = Release|Any CPU
		{F25C9C41-E209-416E-83B4-0DF6D4914B93}.Debug|Any CPU.ActiveCfg = Debug|Any CPU
		{F25C9C41-E209-416E-83B4-0DF6D4914B93}.Debug|Any CPU.Build.0 = Debug|Any CPU
		{F25C9C41-E209-416E-83B4-0DF6D4914B93}.Release|Any CPU.ActiveCfg = Release|Any CPU
		{F25C9C41-E209-416E-83B4-0DF6D4914B93}.Release|Any CPU.Build.0 = Release|Any CPU
	EndGlobalSection
	GlobalSection(SolutionProperties) = preSolution
		HideSolutionNode = FALSE
	EndGlobalSection
EndGlobal
